
Microsoft Visual Studio Solution File, Format Version 12.00
# Visual Studio 15
VisualStudioVersion = 15.0.28010.2016
MinimumVisualStudioVersion = 10.0.40219.1
Project("{9A19103F-16F7-4668-BE54-9A1E7A4F7556}") = "SWStarships", "SWStarships\SWStarships.csproj", "{12582147-4B01-4195-950B-6D8A52819E3B}"
EndProject
Project("{9A19103F-16F7-4668-BE54-9A1E7A4F7556}") = "StarWarsAPI", "StarWarsAPI\StarWarsAPI.csproj", "{FFA78D91-FA20-4ECB-BBC8-5DFED9DA6A00}"
EndProject
Project("{9A19103F-16F7-4668-BE54-9A1E7A4F7556}") = "UnitTestStarship", "UnitTestStarship\UnitTestStarship.csproj", "{C18427C9-5A2D-46BE-8BFD-B1BA0D92AE50}"
EndProject
Project("{FAE04EC0-301F-11D3-BF4B-00C04F79EFBC}") = "SWStarshipsRest", "SWStarshipsRest\SWStarshipsRest.csproj", "{36F3E1CE-ADC3-484A-9851-9E49F6EA1BB8}"
EndProject
Project("{FAE04EC0-301F-11D3-BF4B-00C04F79EFBC}") = "SWStarshipsConsole", "SWStarshipsConsole\SWStarshipsConsole.csproj", "{B5674CEA-1FE5-4D68-9E87-4FED35064C99}"
EndProject
Global
	GlobalSection(SolutionConfigurationPlatforms) = preSolution
		Debug|Any CPU = Debug|Any CPU
		Release|Any CPU = Release|Any CPU
	EndGlobalSection
	GlobalSection(ProjectConfigurationPlatforms) = postSolution
		{12582147-4B01-4195-950B-6D8A52819E3B}.Debug|Any CPU.ActiveCfg = Debug|Any CPU
		{12582147-4B01-4195-950B-6D8A52819E3B}.Debug|Any CPU.Build.0 = Debug|Any CPU
		{12582147-4B01-4195-950B-6D8A52819E3B}.Release|Any CPU.ActiveCfg = Release|Any CPU
		{12582147-4B01-4195-950B-6D8A52819E3B}.Release|Any CPU.Build.0 = Release|Any CPU
		{FFA78D91-FA20-4ECB-BBC8-5DFED9DA6A00}.Debug|Any CPU.ActiveCfg = Debug|Any CPU
		{FFA78D91-FA20-4ECB-BBC8-5DFED9DA6A00}.Debug|Any CPU.Build.0 = Debug|Any CPU
		{FFA78D91-FA20-4ECB-BBC8-5DFED9DA6A00}.Release|Any CPU.ActiveCfg = Release|Any CPU
		{FFA78D91-FA20-4ECB-BBC8-5DFED9DA6A00}.Release|Any CPU.Build.0 = Release|Any CPU
		{C18427C9-5A2D-46BE-8BFD-B1BA0D92AE50}.Debug|Any CPU.ActiveCfg = Debug|Any CPU
		{C18427C9-5A2D-46BE-8BFD-B1BA0D92AE50}.Debug|Any CPU.Build.0 = Debug|Any CPU
		{C18427C9-5A2D-46BE-8BFD-B1BA0D92AE50}.Release|Any CPU.ActiveCfg = Release|Any CPU
		{C18427C9-5A2D-46BE-8BFD-B1BA0D92AE50}.Release|Any CPU.Build.0 = Release|Any CPU
		{36F3E1CE-ADC3-484A-9851-9E49F6EA1BB8}.Debug|Any CPU.ActiveCfg = Debug|Any CPU
		{36F3E1CE-ADC3-484A-9851-9E49F6EA1BB8}.Debug|Any CPU.Build.0 = Debug|Any CPU
		{36F3E1CE-ADC3-484A-9851-9E49F6EA1BB8}.Release|Any CPU.ActiveCfg = Release|Any CPU
		{36F3E1CE-ADC3-484A-9851-9E49F6EA1BB8}.Release|Any CPU.Build.0 = Release|Any CPU
		{B5674CEA-1FE5-4D68-9E87-4FED35064C99}.Debug|Any CPU.ActiveCfg = Debug|Any CPU
		{B5674CEA-1FE5-4D68-9E87-4FED35064C99}.Debug|Any CPU.Build.0 = Debug|Any CPU
		{B5674CEA-1FE5-4D68-9E87-4FED35064C99}.Release|Any CPU.ActiveCfg = Release|Any CPU
		{B5674CEA-1FE5-4D68-9E87-4FED35064C99}.Release|Any CPU.Build.0 = Release|Any CPU
	EndGlobalSection
	GlobalSection(SolutionProperties) = preSolution
		HideSolutionNode = FALSE
	EndGlobalSection
	GlobalSection(ExtensibilityGlobals) = postSolution
		SolutionGuid = {5914BAA0-BEDB-47C2-A63D-780312557B2D}
	EndGlobalSection
EndGlobal
