
Microsoft Visual Studio Solution File, Format Version 12.00
# Visual Studio 15
VisualStudioVersion = 15.0.28010.2016
MinimumVisualStudioVersion = 10.0.40219.1
Project("{FAE04EC0-301F-11D3-BF4B-00C04F79EFBC}") = "SWStarships", "SWStarships\SWStarships.csproj", "{12582147-4B01-4195-950B-6D8A52819E3B}"
EndProject
Project("{FAE04EC0-301F-11D3-BF4B-00C04F79EFBC}") = "StarWarsAPI", "StarWarsAPI\StarWarsAPI.csproj", "{FFA78D91-FA20-4ECB-BBC8-5DFED9DA6A00}"
EndProject
Project("{FAE04EC0-301F-11D3-BF4B-00C04F79EFBC}") = "UnitTestStarship", "UnitTestStarship\UnitTestStarship.csproj", "{C18427C9-5A2D-46BE-8BFD-B1BA0D92AE50}"
EndProject
Global
	GlobalSection(SolutionConfigurationPlatforms) = preSolution
		Debug|Any CPU = Debug|Any CPU
		Release|Any CPU = Release|Any CPU
	EndGlobalSection
	GlobalSection(ProjectConfigurationPlatforms) = postSolution
		{12582147-4B01-4195-950B-6D8A52819E3B}.Debug|Any CPU.ActiveCfg = Debug|Any CPU
		{12582147-4B01-4195-950B-6D8A52819E3B}.Debug|Any CPU.Build.0 = Debug|Any CPU
		{12582147-4B01-4195-950B-6D8A52819E3B}.Release|Any CPU.ActiveCfg = Release|Any CPU
		{12582147-4B01-4195-950B-6D8A52819E3B}.Release|Any CPU.Build.0 = Release|Any CPU
		{FFA78D91-FA20-4ECB-BBC8-5DFED9DA6A00}.Debug|Any CPU.ActiveCfg = Debug|Any CPU
		{FFA78D91-FA20-4ECB-BBC8-5DFED9DA6A00}.Debug|Any CPU.Build.0 = Debug|Any CPU
		{FFA78D91-FA20-4ECB-BBC8-5DFED9DA6A00}.Release|Any CPU.ActiveCfg = Release|Any CPU
		{FFA78D91-FA20-4ECB-BBC8-5DFED9DA6A00}.Release|Any CPU.Build.0 = Release|Any CPU
		{C18427C9-5A2D-46BE-8BFD-B1BA0D92AE50}.Debug|Any CPU.ActiveCfg = Debug|Any CPU
		{C18427C9-5A2D-46BE-8BFD-B1BA0D92AE50}.Debug|Any CPU.Build.0 = Debug|Any CPU
		{C18427C9-5A2D-46BE-8BFD-B1BA0D92AE50}.Release|Any CPU.ActiveCfg = Release|Any CPU
		{C18427C9-5A2D-46BE-8BFD-B1BA0D92AE50}.Release|Any CPU.Build.0 = Release|Any CPU
	EndGlobalSection
	GlobalSection(SolutionProperties) = preSolution
		HideSolutionNode = FALSE
	EndGlobalSection
	GlobalSection(ExtensibilityGlobals) = postSolution
		SolutionGuid = {5914BAA0-BEDB-47C2-A63D-780312557B2D}
	EndGlobalSection
EndGlobal
